
Microsoft Visual Studio Solution File, Format Version 12.00
# Visual Studio Version 17
VisualStudioVersion = 17.8.34511.84
MinimumVisualStudioVersion = 10.0.40219.1
Project("{FAE04EC0-301F-11D3-BF4B-00C04F79EFBC}") = "Comp2003_API_V1", "Comp2003_API_V1\Comp2003_API_V1.csproj", "{0562B219-42D0-4A7A-8645-0DCF6B78066D}"
EndProject
Global
	GlobalSection(SolutionConfigurationPlatforms) = preSolution
		Debug|Any CPU = Debug|Any CPU
		Release|Any CPU = Release|Any CPU
	EndGlobalSection
	GlobalSection(ProjectConfigurationPlatforms) = postSolution
		{0562B219-42D0-4A7A-8645-0DCF6B78066D}.Debug|Any CPU.ActiveCfg = Debug|Any CPU
		{0562B219-42D0-4A7A-8645-0DCF6B78066D}.Debug|Any CPU.Build.0 = Debug|Any CPU
		{0562B219-42D0-4A7A-8645-0DCF6B78066D}.Release|Any CPU.ActiveCfg = Release|Any CPU
		{0562B219-42D0-4A7A-8645-0DCF6B78066D}.Release|Any CPU.Build.0 = Release|Any CPU
	EndGlobalSection
	GlobalSection(SolutionProperties) = preSolution
		HideSolutionNode = FALSE
	EndGlobalSection
	GlobalSection(ExtensibilityGlobals) = postSolution
		SolutionGuid = {EA7E4818-0BCF-4752-9449-5AB5CF7E8B86}
	EndGlobalSection
EndGlobal
